
Microsoft Visual Studio Solution File, Format Version 12.00
# Visual Studio Version 16
VisualStudioVersion = 16.0.810.25
MinimumVisualStudioVersion = 10.0.40219.1
Project("{FAE04EC0-301F-11D3-BF4B-00C04F79EFBC}") = "weatherforecast", "weatherforecast.csproj", "{9FCDD0D3-C910-4D5D-AA63-EC79D5C40DED}"
EndProject
Global
	GlobalSection(SolutionConfigurationPlatforms) = preSolution
		Debug|Any CPU = Debug|Any CPU
		Release|Any CPU = Release|Any CPU
	EndGlobalSection
	GlobalSection(ProjectConfigurationPlatforms) = postSolution
		{9FCDD0D3-C910-4D5D-AA63-EC79D5C40DED}.Debug|Any CPU.ActiveCfg = Debug|Any CPU
		{9FCDD0D3-C910-4D5D-AA63-EC79D5C40DED}.Debug|Any CPU.Build.0 = Debug|Any CPU
		{9FCDD0D3-C910-4D5D-AA63-EC79D5C40DED}.Release|Any CPU.ActiveCfg = Release|Any CPU
		{9FCDD0D3-C910-4D5D-AA63-EC79D5C40DED}.Release|Any CPU.Build.0 = Release|Any CPU
	EndGlobalSection
	GlobalSection(SolutionProperties) = preSolution
		HideSolutionNode = FALSE
	EndGlobalSection
	GlobalSection(ExtensibilityGlobals) = postSolution
		SolutionGuid = {D0962DEC-B7D8-4411-B3DA-9326B7CE278D}
	EndGlobalSection
EndGlobal
